
Microsoft Visual Studio Solution File, Format Version 12.00
# Visual Studio 15
VisualStudioVersion = 15.0.28307.572
MinimumVisualStudioVersion = 10.0.40219.1
Project("{FAE04EC0-301F-11D3-BF4B-00C04F79EFBC}") = "Revit Manager", "Revit Manager\Revit Manager.csproj", "{C30D90C7-F53C-40E8-A624-69352BC03C07}"
EndProject
Global
	GlobalSection(SolutionConfigurationPlatforms) = preSolution
		Debug|Any CPU = Debug|Any CPU
		Release|Any CPU = Release|Any CPU
	EndGlobalSection
	GlobalSection(ProjectConfigurationPlatforms) = postSolution
		{C30D90C7-F53C-40E8-A624-69352BC03C07}.Debug|Any CPU.ActiveCfg = Debug|Any CPU
		{C30D90C7-F53C-40E8-A624-69352BC03C07}.Debug|Any CPU.Build.0 = Debug|Any CPU
		{C30D90C7-F53C-40E8-A624-69352BC03C07}.Release|Any CPU.ActiveCfg = Release|Any CPU
		{C30D90C7-F53C-40E8-A624-69352BC03C07}.Release|Any CPU.Build.0 = Release|Any CPU
	EndGlobalSection
	GlobalSection(SolutionProperties) = preSolution
		HideSolutionNode = FALSE
	EndGlobalSection
	GlobalSection(ExtensibilityGlobals) = postSolution
		SolutionGuid = {E654543F-171B-462F-81AF-8550ACDE1916}
	EndGlobalSection
EndGlobal
